
Microsoft Visual Studio Solution File, Format Version 12.00
# Visual Studio 14
VisualStudioVersion = 14.0.25123.0
MinimumVisualStudioVersion = 10.0.40219.1
Project("{94EB9DEC-B9C2-4130-BC02-923325703FF3}") = "Sitecore.Support.94737", "Sitecore.Support.94737\Sitecore.Support.94737.csproj", "{00EDA91A-9268-46C6-BB2A-3972FC7C477C}"
EndProject
Global
	GlobalSection(SolutionConfigurationPlatforms) = preSolution
		Debug|Any CPU = Debug|Any CPU
		Release|Any CPU = Release|Any CPU
	EndGlobalSection
	GlobalSection(ProjectConfigurationPlatforms) = postSolution
		{00EDA91A-9268-46C6-BB2A-3972FC7C477C}.Debug|Any CPU.ActiveCfg = Debug|Any CPU
		{00EDA91A-9268-46C6-BB2A-3972FC7C477C}.Debug|Any CPU.Build.0 = Debug|Any CPU
		{00EDA91A-9268-46C6-BB2A-3972FC7C477C}.Release|Any CPU.ActiveCfg = Release|Any CPU
		{00EDA91A-9268-46C6-BB2A-3972FC7C477C}.Release|Any CPU.Build.0 = Release|Any CPU
	EndGlobalSection
	GlobalSection(SolutionProperties) = preSolution
		HideSolutionNode = FALSE
	EndGlobalSection
EndGlobal
